
Microsoft Visual Studio Solution File, Format Version 12.00
# Visual Studio Version 17
VisualStudioVersion = 17.0.31903.59
MinimumVisualStudioVersion = 10.0.40219.1
Project("{FAE04EC0-301F-11D3-BF4B-00C04F79EFBC}") = "CursorFX.Core", "CursorFX.Core\CursorFX.Core.csproj", "{1AACC1FE-7712-472C-B7B5-BCECCE4FE58F}"
EndProject
Project("{FAE04EC0-301F-11D3-BF4B-00C04F79EFBC}") = "CursorFX.Rendering", "CursorFX.Rendering\CursorFX.Rendering.csproj", "{7C498B64-4762-4811-878D-133F197D0688}"
EndProject
Project("{FAE04EC0-301F-11D3-BF4B-00C04F79EFBC}") = "CursorFX.Effects", "CursorFX.Effects\CursorFX.Effects.csproj", "{4A4AAD08-1ECC-4873-B405-FCCB44A67E73}"
EndProject
Project("{FAE04EC0-301F-11D3-BF4B-00C04F79EFBC}") = "CursorFX.Platform", "CursorFX.Platform\CursorFX.Platform.csproj", "{C3140A72-A93C-4285-9935-E623DF089AD6}"
EndProject
Project("{FAE04EC0-301F-11D3-BF4B-00C04F79EFBC}") = "CursorFX.App", "CursorFX.App\CursorFX.App.csproj", "{FE79FAA5-AFBE-4140-A27E-489843B4DFB5}"
EndProject
Project("{2150E333-8FDC-42A3-9474-1A3956D46DE8}") = "Plugins", "Plugins", "{74FB3C53-482D-4C19-9D77-EE9C7C3738EA}"
EndProject
Project("{FAE04EC0-301F-11D3-BF4B-00C04F79EFBC}") = "Fluxor.PluginCursorFlameContour", "Plugins\Fluxor.PluginCursorFlameContour\Fluxor.PluginCursorFlameContour.csproj", "{BD2AA237-18B6-4EEB-83CA-2E37AE74ED28}"
EndProject
Project("{FAE04EC0-301F-11D3-BF4B-00C04F79EFBC}") = "Fluxor.PluginVelvetVoid", "Plugins\Fluxor.PluginVelvetVoid\Fluxor.PluginVelvetVoid.csproj", "{07848D2D-0FE6-47AF-94C5-8EA9D958BAA3}"
EndProject
Project("{FAE04EC0-301F-11D3-BF4B-00C04F79EFBC}") = "Fluxor.PluginFireflySwarm", "Plugins\Fluxor.PluginFireflySwarm\Fluxor.PluginFireflySwarm.csproj", "{A182920C-8168-4148-9C3E-D9426A82FF5E}"
EndProject
Project("{FAE04EC0-301F-11D3-BF4B-00C04F79EFBC}") = "Fluxor.PluginRetroTrace", "Plugins\Fluxor.PluginRetroTrace\Fluxor.PluginRetroTrace.csproj", "{8B3A4EF5-C535-45D7-AF34-B6405E2C59F9}"
EndProject
Project("{FAE04EC0-301F-11D3-BF4B-00C04F79EFBC}") = "Fluxor.PluginLightningTail", "Plugins\Fluxor.PluginLightningTail\Fluxor.PluginLightningTail.csproj", "{A2C34100-9598-458E-8A76-12C2EC555FDF}"
EndProject
Project("{FAE04EC0-301F-11D3-BF4B-00C04F79EFBC}") = "Fluxor.PluginSakuraInk", "Plugins\Fluxor.PluginSakuraInk\Fluxor.PluginSakuraInk.csproj", "{0BC0C444-0B92-4438-B0E0-D723873248F8}"
EndProject
Global
	GlobalSection(SolutionConfigurationPlatforms) = preSolution
		Debug|Any CPU = Debug|Any CPU
		Release|Any CPU = Release|Any CPU
	EndGlobalSection
	GlobalSection(SolutionProperties) = preSolution
		HideSolutionNode = FALSE
	EndGlobalSection
	GlobalSection(ProjectConfigurationPlatforms) = postSolution
		{1AACC1FE-7712-472C-B7B5-BCECCE4FE58F}.Debug|Any CPU.ActiveCfg = Debug|Any CPU
		{1AACC1FE-7712-472C-B7B5-BCECCE4FE58F}.Debug|Any CPU.Build.0 = Debug|Any CPU
		{1AACC1FE-7712-472C-B7B5-BCECCE4FE58F}.Release|Any CPU.ActiveCfg = Release|Any CPU
		{1AACC1FE-7712-472C-B7B5-BCECCE4FE58F}.Release|Any CPU.Build.0 = Release|Any CPU
		{7C498B64-4762-4811-878D-133F197D0688}.Debug|Any CPU.ActiveCfg = Debug|Any CPU
		{7C498B64-4762-4811-878D-133F197D0688}.Debug|Any CPU.Build.0 = Debug|Any CPU
		{7C498B64-4762-4811-878D-133F197D0688}.Release|Any CPU.ActiveCfg = Release|Any CPU
		{7C498B64-4762-4811-878D-133F197D0688}.Release|Any CPU.Build.0 = Release|Any CPU
		{4A4AAD08-1ECC-4873-B405-FCCB44A67E73}.Debug|Any CPU.ActiveCfg = Debug|Any CPU
		{4A4AAD08-1ECC-4873-B405-FCCB44A67E73}.Debug|Any CPU.Build.0 = Debug|Any CPU
		{4A4AAD08-1ECC-4873-B405-FCCB44A67E73}.Release|Any CPU.ActiveCfg = Release|Any CPU
		{4A4AAD08-1ECC-4873-B405-FCCB44A67E73}.Release|Any CPU.Build.0 = Release|Any CPU
		{C3140A72-A93C-4285-9935-E623DF089AD6}.Debug|Any CPU.ActiveCfg = Debug|Any CPU
		{C3140A72-A93C-4285-9935-E623DF089AD6}.Debug|Any CPU.Build.0 = Debug|Any CPU
		{C3140A72-A93C-4285-9935-E623DF089AD6}.Release|Any CPU.ActiveCfg = Release|Any CPU
		{C3140A72-A93C-4285-9935-E623DF089AD6}.Release|Any CPU.Build.0 = Release|Any CPU
		{FE79FAA5-AFBE-4140-A27E-489843B4DFB5}.Debug|Any CPU.ActiveCfg = Debug|Any CPU
		{FE79FAA5-AFBE-4140-A27E-489843B4DFB5}.Debug|Any CPU.Build.0 = Debug|Any CPU
		{FE79FAA5-AFBE-4140-A27E-489843B4DFB5}.Release|Any CPU.ActiveCfg = Release|Any CPU
		{FE79FAA5-AFBE-4140-A27E-489843B4DFB5}.Release|Any CPU.Build.0 = Release|Any CPU
		{BD2AA237-18B6-4EEB-83CA-2E37AE74ED28}.Debug|Any CPU.ActiveCfg = Debug|Any CPU
		{BD2AA237-18B6-4EEB-83CA-2E37AE74ED28}.Debug|Any CPU.Build.0 = Debug|Any CPU
		{BD2AA237-18B6-4EEB-83CA-2E37AE74ED28}.Release|Any CPU.ActiveCfg = Release|Any CPU
		{BD2AA237-18B6-4EEB-83CA-2E37AE74ED28}.Release|Any CPU.Build.0 = Release|Any CPU
		{07848D2D-0FE6-47AF-94C5-8EA9D958BAA3}.Debug|Any CPU.ActiveCfg = Debug|Any CPU
		{07848D2D-0FE6-47AF-94C5-8EA9D958BAA3}.Debug|Any CPU.Build.0 = Debug|Any CPU
		{07848D2D-0FE6-47AF-94C5-8EA9D958BAA3}.Release|Any CPU.ActiveCfg = Release|Any CPU
		{07848D2D-0FE6-47AF-94C5-8EA9D958BAA3}.Release|Any CPU.Build.0 = Release|Any CPU
		{A182920C-8168-4148-9C3E-D9426A82FF5E}.Debug|Any CPU.ActiveCfg = Debug|Any CPU
		{A182920C-8168-4148-9C3E-D9426A82FF5E}.Debug|Any CPU.Build.0 = Debug|Any CPU
		{A182920C-8168-4148-9C3E-D9426A82FF5E}.Release|Any CPU.ActiveCfg = Release|Any CPU
		{A182920C-8168-4148-9C3E-D9426A82FF5E}.Release|Any CPU.Build.0 = Release|Any CPU
		{8B3A4EF5-C535-45D7-AF34-B6405E2C59F9}.Debug|Any CPU.ActiveCfg = Debug|Any CPU
		{8B3A4EF5-C535-45D7-AF34-B6405E2C59F9}.Debug|Any CPU.Build.0 = Debug|Any CPU
		{8B3A4EF5-C535-45D7-AF34-B6405E2C59F9}.Release|Any CPU.ActiveCfg = Release|Any CPU
		{8B3A4EF5-C535-45D7-AF34-B6405E2C59F9}.Release|Any CPU.Build.0 = Release|Any CPU
		{A2C34100-9598-458E-8A76-12C2EC555FDF}.Debug|Any CPU.ActiveCfg = Debug|Any CPU
		{A2C34100-9598-458E-8A76-12C2EC555FDF}.Debug|Any CPU.Build.0 = Debug|Any CPU
		{A2C34100-9598-458E-8A76-12C2EC555FDF}.Release|Any CPU.ActiveCfg = Release|Any CPU
		{A2C34100-9598-458E-8A76-12C2EC555FDF}.Release|Any CPU.Build.0 = Release|Any CPU
		{0BC0C444-0B92-4438-B0E0-D723873248F8}.Debug|Any CPU.ActiveCfg = Debug|Any CPU
		{0BC0C444-0B92-4438-B0E0-D723873248F8}.Debug|Any CPU.Build.0 = Debug|Any CPU
		{0BC0C444-0B92-4438-B0E0-D723873248F8}.Release|Any CPU.ActiveCfg = Release|Any CPU
		{0BC0C444-0B92-4438-B0E0-D723873248F8}.Release|Any CPU.Build.0 = Release|Any CPU
	EndGlobalSection
	GlobalSection(NestedProjects) = preSolution
		{BD2AA237-18B6-4EEB-83CA-2E37AE74ED28} = {74FB3C53-482D-4C19-9D77-EE9C7C3738EA}
		{07848D2D-0FE6-47AF-94C5-8EA9D958BAA3} = {74FB3C53-482D-4C19-9D77-EE9C7C3738EA}
		{A182920C-8168-4148-9C3E-D9426A82FF5E} = {74FB3C53-482D-4C19-9D77-EE9C7C3738EA}
		{8B3A4EF5-C535-45D7-AF34-B6405E2C59F9} = {74FB3C53-482D-4C19-9D77-EE9C7C3738EA}
		{A2C34100-9598-458E-8A76-12C2EC555FDF} = {74FB3C53-482D-4C19-9D77-EE9C7C3738EA}
		{0BC0C444-0B92-4438-B0E0-D723873248F8} = {74FB3C53-482D-4C19-9D77-EE9C7C3738EA}
	EndGlobalSection
EndGlobal
